{
  "requires": true,
  "lockfileVersion": 1,
  "dependencies": {
    "bootstrap-tokenfield": {
      "version": "0.12.0",
      "resolved": "https://registry.npmjs.org/bootstrap-tokenfield/-/bootstrap-tokenfield-0.12.0.tgz",
      "integrity": "sha1-XXY8PRlt5xB4rE1J3C6hacuHDN8=",
      "requires": {
        "jquery": "^2.1.0"
      }
    },
    "jquery": {
      "version": "2.2.4",
      "resolved": "https://registry.npmjs.org/jquery/-/jquery-2.2.4.tgz",
      "integrity": "sha1-LInWiJterFIqfuoywUUhVZxsvwI="
    },
    "tokenfield": {
      "version": "1.4.4",
      "resolved": "https://registry.npmjs.org/tokenfield/-/tokenfield-1.4.4.tgz",
      "integrity": "sha512-GMb8nZH6NUztVu4SH36DQB/vssNrMC1c8wg9PjL+h27ca7esoI//Dh+7N6FRERIfmSq+5Xe6MjpFLFkasp6s0w=="
    }
  }
}
